{
  "version": 4,
  "terraform_version": "1.3.7",
  "serial": 372,
  "lineage": "14923b43-ce9c-06db-6428-c353670a67e2",
  "outputs": {},
  "resources": [
    {
      "mode": "data",
      "type": "google_client_openid_userinfo",
      "name": "me",
      "provider": "provider[\"registry.terraform.io/hashicorp/google\"]",
      "instances": [
        {
          "schema_version": 0,
          "attributes": {
            "email": "rehozoedarbi@gmail.com",
            "id": "rehozoedarbi@gmail.com"
          },
          "sensitive_attributes": []
        }
      ]
    },
    {
      "mode": "managed",
      "type": "google_os_login_ssh_public_key",
      "name": "add_my_key",
      "provider": "provider[\"registry.terraform.io/hashicorp/google\"]",
      "instances": [
        {
          "schema_version": 0,
          "attributes": {
            "expiration_time_usec": "",
            "fingerprint": "1fcee613cb06c6d45a72a476ec590ae99655fa0e83679bcac2e3726f40ee8960",
            "id": "users/rehozoedarbi@gmail.com/sshPublicKeys/1fcee613cb06c6d45a72a476ec590ae99655fa0e83679bcac2e3726f40ee8960",
            "key": "ssh-rsa AAAAB3NzaC1yc2EAAAADAQABAAACAQDt4/kQP4/L9VoMtVPd+pdu3K8+VPY8zrU5fyzRyGoZG+4bQaEz7dlxezWsFyZfJ5oOXTCQ4vBPxHRuvK2Z/ULz7FwzN1DkLLZoYwdIoSq6nsM9BJmXwdnct977zyZS0FlYP2w6G6b7WnCCs+7niOVhiRpb4Me27n5aYCdaZnMJxxcwnyMPWBkA9dIwObBvZ+7V+yOxS8y2BYz71rMKNJ0TC4i25t1TqVbR8EvwNb+6FbEolXnJQj5tLNPZmkosN+JAMhuWVhuRgj01cax+RDBL5Cvrfgsiu95jy8bYbUPSHPd7fK1NcmprO2myd4fnBiKHHQjCs1DMVx15WYc/PcqGayJG9XjYQ1OFYUWYX1GbDXjqJnnvTZ2yuylz/rgay1A9Os4UqbUns30fkUfBQ/9mgPYkF1Alm16o4TBkEOsvekFOx7dBcIqYuvAe79Gh+XlWE9pPOc9mDTBcva1F7pFIkuvSuuJUff3G/OVAXnXps1fgHSRtrdIssnHLocjj2RMYTWUC0w1aUT/T3tdi/y3RXkFtDjGXSA7GnjsjuBcYQjtHMHPTT4Gjk+9Dow4d4xWNWAUETNf7mfQ1cGxYIyWcYlBfPsx4f5F+GQw7KWucPYncvwChIuv21yqGWxfBrztewFMvob9umWd9hPUJE6NOGBDKodPbYMoSKLncgkhHyw== darbi@darbi-aspiree5572g\n",
            "project": "elevated-apex-403206",
            "timeouts": null,
            "user": "rehozoedarbi@gmail.com"
          },
          "sensitive_attributes": [],
          "private": "eyJlMmJmYjczMC1lY2FhLTExZTYtOGY4OC0zNDM2M2JjN2M0YzAiOnsiY3JlYXRlIjoxMjAwMDAwMDAwMDAwLCJkZWxldGUiOjEyMDAwMDAwMDAwMDAsInVwZGF0ZSI6MTIwMDAwMDAwMDAwMH19",
          "dependencies": [
            "data.google_client_openid_userinfo.me"
          ]
        }
      ]
    },
    {
      "mode": "managed",
      "type": "google_project_iam_binding",
      "name": "project",
      "provider": "provider[\"registry.terraform.io/hashicorp/google\"]",
      "instances": []
    },
    {
      "mode": "managed",
      "type": "google_service_account_key",
      "name": "service_account",
      "provider": "provider[\"registry.terraform.io/hashicorp/google\"]",
      "instances": []
    },
    {
      "mode": "managed",
      "type": "local_file",
      "name": "service_account",
      "provider": "provider[\"registry.terraform.io/hashicorp/local\"]",
      "instances": []
    },
    {
      "mode": "managed",
      "type": "null_resource",
      "name": "ansible_trigger",
      "provider": "provider[\"registry.terraform.io/hashicorp/null\"]",
      "instances": []
    }
  ],
  "check_results": null
}
