{
  "version": 4,
  "terraform_version": "1.3.7",
  "serial": 376,
  "lineage": "14923b43-ce9c-06db-6428-c353670a67e2",
  "outputs": {
    "ip": {
      "value": "34.48.31.145",
      "type": "string"
    }
  },
  "resources": [
    {
      "mode": "data",
      "type": "google_client_openid_userinfo",
      "name": "me",
      "provider": "provider[\"registry.terraform.io/hashicorp/google\"]",
      "instances": [
        {
          "schema_version": 0,
          "attributes": {
            "email": "rehozoedarbi@gmail.com",
            "id": "rehozoedarbi@gmail.com"
          },
          "sensitive_attributes": []
        }
      ]
    },
    {
      "mode": "managed",
      "type": "google_compute_instance",
      "name": "jenkins",
      "provider": "provider[\"registry.terraform.io/hashicorp/google\"]",
      "instances": [
        {
          "schema_version": 6,
          "attributes": {
            "advanced_machine_features": [],
            "allow_stopping_for_update": true,
            "attached_disk": [],
            "boot_disk": [
              {
                "auto_delete": true,
                "device_name": "persistent-disk-0",
                "disk_encryption_key_raw": "",
                "disk_encryption_key_sha256": "",
                "initialize_params": [
                  {
                    "image": "https://www.googleapis.com/compute/v1/projects/debian-cloud/global/images/debian-11-bullseye-v20231212",
                    "labels": {},
                    "resource_manager_tags": null,
                    "size": 120,
                    "type": "pd-standard"
                  }
                ],
                "kms_key_self_link": "",
                "mode": "READ_WRITE",
                "source": "https://www.googleapis.com/compute/v1/projects/elevated-apex-403206/zones/us-east4-b/disks/jenkins"
              }
            ],
            "can_ip_forward": false,
            "confidential_instance_config": [],
            "cpu_platform": "Intel Broadwell",
            "current_status": "RUNNING",
            "deletion_protection": false,
            "description": "",
            "desired_status": null,
            "effective_labels": {
              "environment": "jenkins"
            },
            "enable_display": false,
            "guest_accelerator": [],
            "hostname": "jenkins.darbi.com",
            "id": "projects/elevated-apex-403206/zones/us-east4-b/instances/jenkins",
            "instance_id": "4484969531260277568",
            "label_fingerprint": "moHtwX0Hwmo=",
            "labels": {
              "environment": "jenkins"
            },
            "machine_type": "e2-standard-4",
            "metadata": {
              "enable-oslogin": "TRUE"
            },
            "metadata_fingerprint": "wBEI7ONfcIg=",
            "metadata_startup_script": null,
            "min_cpu_platform": "",
            "name": "jenkins",
            "network_interface": [
              {
                "access_config": [
                  {
                    "nat_ip": "34.48.31.145",
                    "network_tier": "PREMIUM",
                    "public_ptr_domain_name": ""
                  }
                ],
                "alias_ip_range": [],
                "internal_ipv6_prefix_length": 0,
                "ipv6_access_config": [],
                "ipv6_access_type": "",
                "ipv6_address": "",
                "name": "nic0",
                "network": "https://www.googleapis.com/compute/v1/projects/elevated-apex-403206/global/networks/default",
                "network_ip": "10.150.0.2",
                "nic_type": "",
                "queue_count": 0,
                "stack_type": "IPV4_ONLY",
                "subnetwork": "https://www.googleapis.com/compute/v1/projects/elevated-apex-403206/regions/us-east4/subnetworks/default",
                "subnetwork_project": "elevated-apex-403206"
              }
            ],
            "network_performance_config": [],
            "params": [],
            "project": "elevated-apex-403206",
            "reservation_affinity": [],
            "resource_policies": null,
            "scheduling": [
              {
                "automatic_restart": false,
                "instance_termination_action": "",
                "local_ssd_recovery_timeout": [],
                "min_node_cpus": 0,
                "node_affinities": [],
                "on_host_maintenance": "TERMINATE",
                "preemptible": true,
                "provisioning_model": ""
              }
            ],
            "scratch_disk": [],
            "self_link": "https://www.googleapis.com/compute/v1/projects/elevated-apex-403206/zones/us-east4-b/instances/jenkins",
            "service_account": [],
            "shielded_instance_config": [
              {
                "enable_integrity_monitoring": true,
                "enable_secure_boot": false,
                "enable_vtpm": true
              }
            ],
            "tags": null,
            "tags_fingerprint": "42WmSpB8rSM=",
            "terraform_labels": {
              "environment": "jenkins"
            },
            "timeouts": null,
            "zone": "us-east4-b"
          },
          "sensitive_attributes": [],
          "private": "eyJlMmJmYjczMC1lY2FhLTExZTYtOGY4OC0zNDM2M2JjN2M0YzAiOnsiY3JlYXRlIjoxMjAwMDAwMDAwMDAwLCJkZWxldGUiOjEyMDAwMDAwMDAwMDAsInVwZGF0ZSI6MTIwMDAwMDAwMDAwMH0sInNjaGVtYV92ZXJzaW9uIjoiNiJ9"
        }
      ]
    },
    {
      "mode": "managed",
      "type": "google_os_login_ssh_public_key",
      "name": "add_my_key",
      "provider": "provider[\"registry.terraform.io/hashicorp/google\"]",
      "instances": [
        {
          "schema_version": 0,
          "attributes": {
            "expiration_time_usec": "",
            "fingerprint": "1fcee613cb06c6d45a72a476ec590ae99655fa0e83679bcac2e3726f40ee8960",
            "id": "users/rehozoedarbi@gmail.com/sshPublicKeys/1fcee613cb06c6d45a72a476ec590ae99655fa0e83679bcac2e3726f40ee8960",
            "key": "ssh-rsa AAAAB3NzaC1yc2EAAAADAQABAAACAQDt4/kQP4/L9VoMtVPd+pdu3K8+VPY8zrU5fyzRyGoZG+4bQaEz7dlxezWsFyZfJ5oOXTCQ4vBPxHRuvK2Z/ULz7FwzN1DkLLZoYwdIoSq6nsM9BJmXwdnct977zyZS0FlYP2w6G6b7WnCCs+7niOVhiRpb4Me27n5aYCdaZnMJxxcwnyMPWBkA9dIwObBvZ+7V+yOxS8y2BYz71rMKNJ0TC4i25t1TqVbR8EvwNb+6FbEolXnJQj5tLNPZmkosN+JAMhuWVhuRgj01cax+RDBL5Cvrfgsiu95jy8bYbUPSHPd7fK1NcmprO2myd4fnBiKHHQjCs1DMVx15WYc/PcqGayJG9XjYQ1OFYUWYX1GbDXjqJnnvTZ2yuylz/rgay1A9Os4UqbUns30fkUfBQ/9mgPYkF1Alm16o4TBkEOsvekFOx7dBcIqYuvAe79Gh+XlWE9pPOc9mDTBcva1F7pFIkuvSuuJUff3G/OVAXnXps1fgHSRtrdIssnHLocjj2RMYTWUC0w1aUT/T3tdi/y3RXkFtDjGXSA7GnjsjuBcYQjtHMHPTT4Gjk+9Dow4d4xWNWAUETNf7mfQ1cGxYIyWcYlBfPsx4f5F+GQw7KWucPYncvwChIuv21yqGWxfBrztewFMvob9umWd9hPUJE6NOGBDKodPbYMoSKLncgkhHyw== darbi@darbi-aspiree5572g\n",
            "project": "elevated-apex-403206",
            "timeouts": null,
            "user": "rehozoedarbi@gmail.com"
          },
          "sensitive_attributes": [],
          "private": "eyJlMmJmYjczMC1lY2FhLTExZTYtOGY4OC0zNDM2M2JjN2M0YzAiOnsiY3JlYXRlIjoxMjAwMDAwMDAwMDAwLCJkZWxldGUiOjEyMDAwMDAwMDAwMDAsInVwZGF0ZSI6MTIwMDAwMDAwMDAwMH19",
          "dependencies": [
            "data.google_client_openid_userinfo.me"
          ]
        }
      ]
    },
    {
      "mode": "managed",
      "type": "google_project_iam_binding",
      "name": "project",
      "provider": "provider[\"registry.terraform.io/hashicorp/google\"]",
      "instances": []
    },
    {
      "mode": "managed",
      "type": "google_service_account_key",
      "name": "service_account",
      "provider": "provider[\"registry.terraform.io/hashicorp/google\"]",
      "instances": []
    },
    {
      "mode": "managed",
      "type": "local_file",
      "name": "service_account",
      "provider": "provider[\"registry.terraform.io/hashicorp/local\"]",
      "instances": []
    },
    {
      "mode": "managed",
      "type": "null_resource",
      "name": "ansible_trigger",
      "provider": "provider[\"registry.terraform.io/hashicorp/null\"]",
      "instances": [
        {
          "schema_version": 0,
          "attributes": {
            "id": "8565986002283945782",
            "triggers": null
          },
          "sensitive_attributes": [],
          "dependencies": [
            "google_compute_instance.jenkins"
          ]
        }
      ]
    }
  ],
  "check_results": null
}
